
Microsoft Visual Studio Solution File, Format Version 12.00
# Visual Studio Version 16
VisualStudioVersion = 16.0.30413.136
MinimumVisualStudioVersion = 10.0.40219.1
Project("{8BC9CEB8-8B4A-11D0-8D11-00A0C91BC942}") = "B_tree", "B_tree\B_tree.vcxproj", "{6633D3C2-70A7-4528-9C1E-88228A962038}"
EndProject
Global
	GlobalSection(SolutionConfigurationPlatforms) = preSolution
		Debug|x64 = Debug|x64
		Debug|x86 = Debug|x86
		Release|x64 = Release|x64
		Release|x86 = Release|x86
	EndGlobalSection
	GlobalSection(ProjectConfigurationPlatforms) = postSolution
		{6633D3C2-70A7-4528-9C1E-88228A962038}.Debug|x64.ActiveCfg = Debug|x64
		{6633D3C2-70A7-4528-9C1E-88228A962038}.Debug|x64.Build.0 = Debug|x64
		{6633D3C2-70A7-4528-9C1E-88228A962038}.Debug|x86.ActiveCfg = Debug|Win32
		{6633D3C2-70A7-4528-9C1E-88228A962038}.Debug|x86.Build.0 = Debug|Win32
		{6633D3C2-70A7-4528-9C1E-88228A962038}.Release|x64.ActiveCfg = Release|x64
		{6633D3C2-70A7-4528-9C1E-88228A962038}.Release|x64.Build.0 = Release|x64
		{6633D3C2-70A7-4528-9C1E-88228A962038}.Release|x86.ActiveCfg = Release|Win32
		{6633D3C2-70A7-4528-9C1E-88228A962038}.Release|x86.Build.0 = Release|Win32
	EndGlobalSection
	GlobalSection(SolutionProperties) = preSolution
		HideSolutionNode = FALSE
	EndGlobalSection
	GlobalSection(ExtensibilityGlobals) = postSolution
		SolutionGuid = {04BB7E05-5831-4FEE-9A3D-C564976278F5}
	EndGlobalSection
EndGlobal
